// !$*UTF8*$!
{
	archiveVersion = 1;
	classes = {
	};
	objectVersion = 56;
	objects = {

/* Begin PBXBuildFile section */
		2BC7885728DF7E7D0063BE06 /* ColorfulApp.swift in Sources */ = {isa = PBXBuildFile; fileRef = 2BC7885628DF7E7D0063BE06 /* ColorfulApp.swift */; };
		2BC7885928DF7E7D0063BE06 /* ContentView.swift in Sources */ = {isa = PBXBuildFile; fileRef = 2BC7885828DF7E7D0063BE06 /* ContentView.swift */; };
		2BC7885B28DF7E7E0063BE06 /* Assets.xcassets in Resources */ = {isa = PBXBuildFile; fileRef = 2BC7885A28DF7E7E0063BE06 /* Assets.xcassets */; };
		2BC7885F28DF7E7E0063BE06 /* Preview Assets.xcassets in Resources */ = {isa = PBXBuildFile; fileRef = 2BC7885E28DF7E7E0063BE06 /* Preview Assets.xcassets */; };
		2BC7886828DF7FB90063BE06 /* SettingsView.swift in Sources */ = {isa = PBXBuildFile; fileRef = 2BC7886728DF7FB90063BE06 /* SettingsView.swift */; };
		2BC7886A28DF80380063BE06 /* IconChooserView.swift in Sources */ = {isa = PBXBuildFile; fileRef = 2BC7886928DF80380063BE06 /* IconChooserView.swift */; };
		2BC7886E28DF80B90063BE06 /* IconManager.swift in Sources */ = {isa = PBXBuildFile; fileRef = 2BC7886D28DF80B90063BE06 /* IconManager.swift */; };
		2BC7887028DF80DF0063BE06 /* Icon.swift in Sources */ = {isa = PBXBuildFile; fileRef = 2BC7886F28DF80DF0063BE06 /* Icon.swift */; };
		2BC7889928E0544B0063BE06 /* app-icon--default.beta-ipad@2x.png in Resources */ = {isa = PBXBuildFile; fileRef = 2BC7887928E0544B0063BE06 /* app-icon--default.beta-ipad@2x.png */; };
		2BC7889A28E0544B0063BE06 /* app-icon--default.beta@3x.png in Resources */ = {isa = PBXBuildFile; fileRef = 2BC7887A28E0544B0063BE06 /* app-icon--default.beta@3x.png */; };
		2BC7889B28E0544B0063BE06 /* app-icon--multi-black@3x.png in Resources */ = {isa = PBXBuildFile; fileRef = 2BC7887B28E0544B0063BE06 /* app-icon--multi-black@3x.png */; };
		2BC7889C28E0544B0063BE06 /* app-icon--default-ipadpro@2x.png in Resources */ = {isa = PBXBuildFile; fileRef = 2BC7887C28E0544B0063BE06 /* app-icon--default-ipadpro@2x.png */; };
		2BC7889D28E0544B0063BE06 /* app-icon--black-white@2x.png in Resources */ = {isa = PBXBuildFile; fileRef = 2BC7887D28E0544B0063BE06 /* app-icon--black-white@2x.png */; };
		2BC7889E28E0544B0063BE06 /* app-icon--black-multi-ipad@2x.png in Resources */ = {isa = PBXBuildFile; fileRef = 2BC7887E28E0544B0063BE06 /* app-icon--black-multi-ipad@2x.png */; };
		2BC7889F28E0544B0063BE06 /* app-icon--black-white@3x.png in Resources */ = {isa = PBXBuildFile; fileRef = 2BC7887F28E0544B0063BE06 /* app-icon--black-white@3x.png */; };
		2BC788A028E0544B0063BE06 /* app-icon--default-ipad@2x.png in Resources */ = {isa = PBXBuildFile; fileRef = 2BC7888028E0544B0063BE06 /* app-icon--default-ipad@2x.png */; };
		2BC788A128E0544B0063BE06 /* app-icon--white-black-ipadpro@2x.png in Resources */ = {isa = PBXBuildFile; fileRef = 2BC7888128E0544B0063BE06 /* app-icon--white-black-ipadpro@2x.png */; };
		2BC788A228E0544B0063BE06 /* app-icon--white-multi-ipadpro@2x.png in Resources */ = {isa = PBXBuildFile; fileRef = 2BC7888228E0544B0063BE06 /* app-icon--white-multi-ipadpro@2x.png */; };
		2BC788A328E0544B0063BE06 /* app-icon--multi-black-ipad@2x.png in Resources */ = {isa = PBXBuildFile; fileRef = 2BC7888328E0544B0063BE06 /* app-icon--multi-black-ipad@2x.png */; };
		2BC788A428E0544B0063BE06 /* app-icon--black-white-ipad@2x.png in Resources */ = {isa = PBXBuildFile; fileRef = 2BC7888428E0544B0063BE06 /* app-icon--black-white-ipad@2x.png */; };
		2BC788A528E0544B0063BE06 /* app-icon--white-black@3x.png in Resources */ = {isa = PBXBuildFile; fileRef = 2BC7888528E0544B0063BE06 /* app-icon--white-black@3x.png */; };
		2BC788A628E0544B0063BE06 /* app-icon--default@3x.png in Resources */ = {isa = PBXBuildFile; fileRef = 2BC7888628E0544B0063BE06 /* app-icon--default@3x.png */; };
		2BC788A728E0544B0063BE06 /* app-icon--default@2x.png in Resources */ = {isa = PBXBuildFile; fileRef = 2BC7888728E0544B0063BE06 /* app-icon--default@2x.png */; };
		2BC788A828E0544B0063BE06 /* app-icon--multi-black-ipadpro@2x.png in Resources */ = {isa = PBXBuildFile; fileRef = 2BC7888828E0544B0063BE06 /* app-icon--multi-black-ipadpro@2x.png */; };
		2BC788A928E0544B0063BE06 /* app-icon--default.beta@2x.png in Resources */ = {isa = PBXBuildFile; fileRef = 2BC7888928E0544B0063BE06 /* app-icon--default.beta@2x.png */; };
		2BC788AA28E0544B0063BE06 /* app-icon--default.dev-ipad@2x.png in Resources */ = {isa = PBXBuildFile; fileRef = 2BC7888A28E0544B0063BE06 /* app-icon--default.dev-ipad@2x.png */; };
		2BC788AB28E0544B0063BE06 /* app-icon--black-multi@3x.png in Resources */ = {isa = PBXBuildFile; fileRef = 2BC7888B28E0544B0063BE06 /* app-icon--black-multi@3x.png */; };
		2BC788AC28E0544B0063BE06 /* app-icon--green-black-ipad@2x.png in Resources */ = {isa = PBXBuildFile; fileRef = 2BC7888C28E0544B0063BE06 /* app-icon--green-black-ipad@2x.png */; };
		2BC788AD28E0544B0063BE06 /* app-icon--white-black@2x.png in Resources */ = {isa = PBXBuildFile; fileRef = 2BC7888D28E0544B0063BE06 /* app-icon--white-black@2x.png */; };
		2BC788AE28E0544B0063BE06 /* app-icon--white-black-ipad@2x.png in Resources */ = {isa = PBXBuildFile; fileRef = 2BC7888E28E0544B0063BE06 /* app-icon--white-black-ipad@2x.png */; };
		2BC788AF28E0544B0063BE06 /* app-icon--default.dev@3x.png in Resources */ = {isa = PBXBuildFile; fileRef = 2BC7888F28E0544B0063BE06 /* app-icon--default.dev@3x.png */; };
		2BC788B028E0544B0063BE06 /* app-icon--multi-black@2x.png in Resources */ = {isa = PBXBuildFile; fileRef = 2BC7889028E0544B0063BE06 /* app-icon--multi-black@2x.png */; };
		2BC788B128E0544B0063BE06 /* app-icon--white-multi-ipad@2x.png in Resources */ = {isa = PBXBuildFile; fileRef = 2BC7889128E0544B0063BE06 /* app-icon--white-multi-ipad@2x.png */; };
		2BC788B228E0544B0063BE06 /* app-icon--default.beta-ipadpro@2x.png in Resources */ = {isa = PBXBuildFile; fileRef = 2BC7889228E0544B0063BE06 /* app-icon--default.beta-ipadpro@2x.png */; };
		2BC788B328E0544B0063BE06 /* app-icon--black-multi@2x.png in Resources */ = {isa = PBXBuildFile; fileRef = 2BC7889328E0544B0063BE06 /* app-icon--black-multi@2x.png */; };
		2BC788B428E0544B0063BE06 /* app-icon--black-white-ipadpro@2x.png in Resources */ = {isa = PBXBuildFile; fileRef = 2BC7889428E0544B0063BE06 /* app-icon--black-white-ipadpro@2x.png */; };
		2BC788B528E0544B0063BE06 /* app-icon--green-black-ipadpro@2x.png in Resources */ = {isa = PBXBuildFile; fileRef = 2BC7889528E0544B0063BE06 /* app-icon--green-black-ipadpro@2x.png */; };
		2BC788B628E0544B0063BE06 /* app-icon--default.dev-ipadpro@2x.png in Resources */ = {isa = PBXBuildFile; fileRef = 2BC7889628E0544B0063BE06 /* app-icon--default.dev-ipadpro@2x.png */; };
		2BC788B728E0544B0063BE06 /* app-icon--black-multi-ipadpro@2x.png in Resources */ = {isa = PBXBuildFile; fileRef = 2BC7889728E0544B0063BE06 /* app-icon--black-multi-ipadpro@2x.png */; };
		2BC788B828E0544B0063BE06 /* app-icon--default.dev@2x.png in Resources */ = {isa = PBXBuildFile; fileRef = 2BC7889828E0544B0063BE06 /* app-icon--default.dev@2x.png */; };
		2BC788BC28E080D80063BE06 /* IconView.swift in Sources */ = {isa = PBXBuildFile; fileRef = 2BC788BB28E080D80063BE06 /* IconView.swift */; };
		2BC788BE28E081F50063BE06 /* View+Extension.swift in Sources */ = {isa = PBXBuildFile; fileRef = 2BC788BD28E081F50063BE06 /* View+Extension.swift */; };
/* End PBXBuildFile section */

/* Begin PBXFileReference section */
		2BC7885328DF7E7D0063BE06 /* Colorful.app */ = {isa = PBXFileReference; explicitFileType = wrapper.application; includeInIndex = 0; path = Colorful.app; sourceTree = BUILT_PRODUCTS_DIR; };
		2BC7885628DF7E7D0063BE06 /* ColorfulApp.swift */ = {isa = PBXFileReference; lastKnownFileType = sourcecode.swift; path = ColorfulApp.swift; sourceTree = "<group>"; };
		2BC7885828DF7E7D0063BE06 /* ContentView.swift */ = {isa = PBXFileReference; lastKnownFileType = sourcecode.swift; path = ContentView.swift; sourceTree = "<group>"; };
		2BC7885A28DF7E7E0063BE06 /* Assets.xcassets */ = {isa = PBXFileReference; lastKnownFileType = folder.assetcatalog; path = Assets.xcassets; sourceTree = "<group>"; };
		2BC7885C28DF7E7E0063BE06 /* Colorful.entitlements */ = {isa = PBXFileReference; lastKnownFileType = text.plist.entitlements; path = Colorful.entitlements; sourceTree = "<group>"; };
		2BC7885E28DF7E7E0063BE06 /* Preview Assets.xcassets */ = {isa = PBXFileReference; lastKnownFileType = folder.assetcatalog; path = "Preview Assets.xcassets"; sourceTree = "<group>"; };
		2BC7886728DF7FB90063BE06 /* SettingsView.swift */ = {isa = PBXFileReference; lastKnownFileType = sourcecode.swift; path = SettingsView.swift; sourceTree = "<group>"; };
		2BC7886928DF80380063BE06 /* IconChooserView.swift */ = {isa = PBXFileReference; lastKnownFileType = sourcecode.swift; path = IconChooserView.swift; sourceTree = "<group>"; };
		2BC7886D28DF80B90063BE06 /* IconManager.swift */ = {isa = PBXFileReference; lastKnownFileType = sourcecode.swift; path = IconManager.swift; sourceTree = "<group>"; };
		2BC7886F28DF80DF0063BE06 /* Icon.swift */ = {isa = PBXFileReference; lastKnownFileType = sourcecode.swift; path = Icon.swift; sourceTree = "<group>"; };
		2BC7887128E035980063BE06 /* Info.plist */ = {isa = PBXFileReference; lastKnownFileType = text.plist; path = Info.plist; sourceTree = "<group>"; };
		2BC7887928E0544B0063BE06 /* app-icon--default.beta-ipad@2x.png */ = {isa = PBXFileReference; lastKnownFileType = image.png; path = "app-icon--default.beta-ipad@2x.png"; sourceTree = "<group>"; };
		2BC7887A28E0544B0063BE06 /* app-icon--default.beta@3x.png */ = {isa = PBXFileReference; lastKnownFileType = image.png; path = "app-icon--default.beta@3x.png"; sourceTree = "<group>"; };
		2BC7887B28E0544B0063BE06 /* app-icon--multi-black@3x.png */ = {isa = PBXFileReference; lastKnownFileType = image.png; path = "app-icon--multi-black@3x.png"; sourceTree = "<group>"; };
		2BC7887C28E0544B0063BE06 /* app-icon--default-ipadpro@2x.png */ = {isa = PBXFileReference; lastKnownFileType = image.png; path = "app-icon--default-ipadpro@2x.png"; sourceTree = "<group>"; };
		2BC7887D28E0544B0063BE06 /* app-icon--black-white@2x.png */ = {isa = PBXFileReference; lastKnownFileType = image.png; path = "app-icon--black-white@2x.png"; sourceTree = "<group>"; };
		2BC7887E28E0544B0063BE06 /* app-icon--black-multi-ipad@2x.png */ = {isa = PBXFileReference; lastKnownFileType = image.png; path = "app-icon--black-multi-ipad@2x.png"; sourceTree = "<group>"; };
		2BC7887F28E0544B0063BE06 /* app-icon--black-white@3x.png */ = {isa = PBXFileReference; lastKnownFileType = image.png; path = "app-icon--black-white@3x.png"; sourceTree = "<group>"; };
		2BC7888028E0544B0063BE06 /* app-icon--default-ipad@2x.png */ = {isa = PBXFileReference; lastKnownFileType = image.png; path = "app-icon--default-ipad@2x.png"; sourceTree = "<group>"; };
		2BC7888128E0544B0063BE06 /* app-icon--white-black-ipadpro@2x.png */ = {isa = PBXFileReference; lastKnownFileType = image.png; path = "app-icon--white-black-ipadpro@2x.png"; sourceTree = "<group>"; };
		2BC7888228E0544B0063BE06 /* app-icon--white-multi-ipadpro@2x.png */ = {isa = PBXFileReference; lastKnownFileType = image.png; path = "app-icon--white-multi-ipadpro@2x.png"; sourceTree = "<group>"; };
		2BC7888328E0544B0063BE06 /* app-icon--multi-black-ipad@2x.png */ = {isa = PBXFileReference; lastKnownFileType = image.png; path = "app-icon--multi-black-ipad@2x.png"; sourceTree = "<group>"; };
		2BC7888428E0544B0063BE06 /* app-icon--black-white-ipad@2x.png */ = {isa = PBXFileReference; lastKnownFileType = image.png; path = "app-icon--black-white-ipad@2x.png"; sourceTree = "<group>"; };
		2BC7888528E0544B0063BE06 /* app-icon--white-black@3x.png */ = {isa = PBXFileReference; lastKnownFileType = image.png; path = "app-icon--white-black@3x.png"; sourceTree = "<group>"; };
		2BC7888628E0544B0063BE06 /* app-icon--default@3x.png */ = {isa = PBXFileReference; lastKnownFileType = image.png; path = "app-icon--default@3x.png"; sourceTree = "<group>"; };
		2BC7888728E0544B0063BE06 /* app-icon--default@2x.png */ = {isa = PBXFileReference; lastKnownFileType = image.png; path = "app-icon--default@2x.png"; sourceTree = "<group>"; };
		2BC7888828E0544B0063BE06 /* app-icon--multi-black-ipadpro@2x.png */ = {isa = PBXFileReference; lastKnownFileType = image.png; path = "app-icon--multi-black-ipadpro@2x.png"; sourceTree = "<group>"; };
		2BC7888928E0544B0063BE06 /* app-icon--default.beta@2x.png */ = {isa = PBXFileReference; lastKnownFileType = image.png; path = "app-icon--default.beta@2x.png"; sourceTree = "<group>"; };
		2BC7888A28E0544B0063BE06 /* app-icon--default.dev-ipad@2x.png */ = {isa = PBXFileReference; lastKnownFileType = image.png; path = "app-icon--default.dev-ipad@2x.png"; sourceTree = "<group>"; };
		2BC7888B28E0544B0063BE06 /* app-icon--black-multi@3x.png */ = {isa = PBXFileReference; lastKnownFileType = image.png; path = "app-icon--black-multi@3x.png"; sourceTree = "<group>"; };
		2BC7888C28E0544B0063BE06 /* app-icon--green-black-ipad@2x.png */ = {isa = PBXFileReference; lastKnownFileType = image.png; path = "app-icon--green-black-ipad@2x.png"; sourceTree = "<group>"; };
		2BC7888D28E0544B0063BE06 /* app-icon--white-black@2x.png */ = {isa = PBXFileReference; lastKnownFileType = image.png; path = "app-icon--white-black@2x.png"; sourceTree = "<group>"; };
		2BC7888E28E0544B0063BE06 /* app-icon--white-black-ipad@2x.png */ = {isa = PBXFileReference; lastKnownFileType = image.png; path = "app-icon--white-black-ipad@2x.png"; sourceTree = "<group>"; };
		2BC7888F28E0544B0063BE06 /* app-icon--default.dev@3x.png */ = {isa = PBXFileReference; lastKnownFileType = image.png; path = "app-icon--default.dev@3x.png"; sourceTree = "<group>"; };
		2BC7889028E0544B0063BE06 /* app-icon--multi-black@2x.png */ = {isa = PBXFileReference; lastKnownFileType = image.png; path = "app-icon--multi-black@2x.png"; sourceTree = "<group>"; };
		2BC7889128E0544B0063BE06 /* app-icon--white-multi-ipad@2x.png */ = {isa = PBXFileReference; lastKnownFileType = image.png; path = "app-icon--white-multi-ipad@2x.png"; sourceTree = "<group>"; };
		2BC7889228E0544B0063BE06 /* app-icon--default.beta-ipadpro@2x.png */ = {isa = PBXFileReference; lastKnownFileType = image.png; path = "app-icon--default.beta-ipadpro@2x.png"; sourceTree = "<group>"; };
		2BC7889328E0544B0063BE06 /* app-icon--black-multi@2x.png */ = {isa = PBXFileReference; lastKnownFileType = image.png; path = "app-icon--black-multi@2x.png"; sourceTree = "<group>"; };
		2BC7889428E0544B0063BE06 /* app-icon--black-white-ipadpro@2x.png */ = {isa = PBXFileReference; lastKnownFileType = image.png; path = "app-icon--black-white-ipadpro@2x.png"; sourceTree = "<group>"; };
		2BC7889528E0544B0063BE06 /* app-icon--green-black-ipadpro@2x.png */ = {isa = PBXFileReference; lastKnownFileType = image.png; path = "app-icon--green-black-ipadpro@2x.png"; sourceTree = "<group>"; };
		2BC7889628E0544B0063BE06 /* app-icon--default.dev-ipadpro@2x.png */ = {isa = PBXFileReference; lastKnownFileType = image.png; path = "app-icon--default.dev-ipadpro@2x.png"; sourceTree = "<group>"; };
		2BC7889728E0544B0063BE06 /* app-icon--black-multi-ipadpro@2x.png */ = {isa = PBXFileReference; lastKnownFileType = image.png; path = "app-icon--black-multi-ipadpro@2x.png"; sourceTree = "<group>"; };
		2BC7889828E0544B0063BE06 /* app-icon--default.dev@2x.png */ = {isa = PBXFileReference; lastKnownFileType = image.png; path = "app-icon--default.dev@2x.png"; sourceTree = "<group>"; };
		2BC788BB28E080D80063BE06 /* IconView.swift */ = {isa = PBXFileReference; lastKnownFileType = sourcecode.swift; path = IconView.swift; sourceTree = "<group>"; };
		2BC788BD28E081F50063BE06 /* View+Extension.swift */ = {isa = PBXFileReference; lastKnownFileType = sourcecode.swift; path = "View+Extension.swift"; sourceTree = "<group>"; };
/* End PBXFileReference section */

/* Begin PBXFrameworksBuildPhase section */
		2BC7885028DF7E7D0063BE06 /* Frameworks */ = {
			isa = PBXFrameworksBuildPhase;
			buildActionMask = 2147483647;
			files = (
			);
			runOnlyForDeploymentPostprocessing = 0;
		};
/* End PBXFrameworksBuildPhase section */

/* Begin PBXGroup section */
		2BC7884A28DF7E7D0063BE06 = {
			isa = PBXGroup;
			children = (
				2BC7885528DF7E7D0063BE06 /* Colorful */,
				2BC7885428DF7E7D0063BE06 /* Products */,
			);
			sourceTree = "<group>";
		};
		2BC7885428DF7E7D0063BE06 /* Products */ = {
			isa = PBXGroup;
			children = (
				2BC7885328DF7E7D0063BE06 /* Colorful.app */,
			);
			name = Products;
			sourceTree = "<group>";
		};
		2BC7885528DF7E7D0063BE06 /* Colorful */ = {
			isa = PBXGroup;
			children = (
				2BC7887628E053B00063BE06 /* App icons */,
				2BC7887128E035980063BE06 /* Info.plist */,
				2BC7885C28DF7E7E0063BE06 /* Colorful.entitlements */,
				2BC7885628DF7E7D0063BE06 /* ColorfulApp.swift */,
				2BC7885A28DF7E7E0063BE06 /* Assets.xcassets */,
				2BC7886C28DF80820063BE06 /* Model */,
				2BC7885D28DF7E7E0063BE06 /* Preview Content */,
				2BC7886B28DF806A0063BE06 /* View */,
			);
			path = Colorful;
			sourceTree = "<group>";
		};
		2BC7885D28DF7E7E0063BE06 /* Preview Content */ = {
			isa = PBXGroup;
			children = (
				2BC7885E28DF7E7E0063BE06 /* Preview Assets.xcassets */,
			);
			path = "Preview Content";
			sourceTree = "<group>";
		};
		2BC7886B28DF806A0063BE06 /* View */ = {
			isa = PBXGroup;
			children = (
				2BC7885828DF7E7D0063BE06 /* ContentView.swift */,
				2BC7886728DF7FB90063BE06 /* SettingsView.swift */,
				2BC7886928DF80380063BE06 /* IconChooserView.swift */,
				2BC788BB28E080D80063BE06 /* IconView.swift */,
				2BC788BD28E081F50063BE06 /* View+Extension.swift */,
			);
			path = View;
			sourceTree = "<group>";
		};
		2BC7886C28DF80820063BE06 /* Model */ = {
			isa = PBXGroup;
			children = (
				2BC7886D28DF80B90063BE06 /* IconManager.swift */,
				2BC7886F28DF80DF0063BE06 /* Icon.swift */,
			);
			path = Model;
			sourceTree = "<group>";
		};
		2BC7887628E053B00063BE06 /* App icons */ = {
			isa = PBXGroup;
			children = (
				2BC7887E28E0544B0063BE06 /* app-icon--black-multi-ipad@2x.png */,
				2BC7889728E0544B0063BE06 /* app-icon--black-multi-ipadpro@2x.png */,
				2BC7889328E0544B0063BE06 /* app-icon--black-multi@2x.png */,
				2BC7888B28E0544B0063BE06 /* app-icon--black-multi@3x.png */,
				2BC7888428E0544B0063BE06 /* app-icon--black-white-ipad@2x.png */,
				2BC7889428E0544B0063BE06 /* app-icon--black-white-ipadpro@2x.png */,
				2BC7887D28E0544B0063BE06 /* app-icon--black-white@2x.png */,
				2BC7887F28E0544B0063BE06 /* app-icon--black-white@3x.png */,
				2BC7888028E0544B0063BE06 /* app-icon--default-ipad@2x.png */,
				2BC7887C28E0544B0063BE06 /* app-icon--default-ipadpro@2x.png */,
				2BC7887928E0544B0063BE06 /* app-icon--default.beta-ipad@2x.png */,
				2BC7889228E0544B0063BE06 /* app-icon--default.beta-ipadpro@2x.png */,
				2BC7888928E0544B0063BE06 /* app-icon--default.beta@2x.png */,
				2BC7887A28E0544B0063BE06 /* app-icon--default.beta@3x.png */,
				2BC7888A28E0544B0063BE06 /* app-icon--default.dev-ipad@2x.png */,
				2BC7889628E0544B0063BE06 /* app-icon--default.dev-ipadpro@2x.png */,
				2BC7889828E0544B0063BE06 /* app-icon--default.dev@2x.png */,
				2BC7888F28E0544B0063BE06 /* app-icon--default.dev@3x.png */,
				2BC7888728E0544B0063BE06 /* app-icon--default@2x.png */,
				2BC7888628E0544B0063BE06 /* app-icon--default@3x.png */,
				2BC7888C28E0544B0063BE06 /* app-icon--green-black-ipad@2x.png */,
				2BC7889528E0544B0063BE06 /* app-icon--green-black-ipadpro@2x.png */,
				2BC7888328E0544B0063BE06 /* app-icon--multi-black-ipad@2x.png */,
				2BC7888828E0544B0063BE06 /* app-icon--multi-black-ipadpro@2x.png */,
				2BC7889028E0544B0063BE06 /* app-icon--multi-black@2x.png */,
				2BC7887B28E0544B0063BE06 /* app-icon--multi-black@3x.png */,
				2BC7888E28E0544B0063BE06 /* app-icon--white-black-ipad@2x.png */,
				2BC7888128E0544B0063BE06 /* app-icon--white-black-ipadpro@2x.png */,
				2BC7888D28E0544B0063BE06 /* app-icon--white-black@2x.png */,
				2BC7888528E0544B0063BE06 /* app-icon--white-black@3x.png */,
				2BC7889128E0544B0063BE06 /* app-icon--white-multi-ipad@2x.png */,
				2BC7888228E0544B0063BE06 /* app-icon--white-multi-ipadpro@2x.png */,
			);
			path = "App icons";
			sourceTree = "<group>";
		};
/* End PBXGroup section */

/* Begin PBXNativeTarget section */
		2BC7885228DF7E7D0063BE06 /* Colorful */ = {
			isa = PBXNativeTarget;
			buildConfigurationList = 2BC7886228DF7E7E0063BE06 /* Build configuration list for PBXNativeTarget "Colorful" */;
			buildPhases = (
				2BC7884F28DF7E7D0063BE06 /* Sources */,
				2BC7885028DF7E7D0063BE06 /* Frameworks */,
				2BC7885128DF7E7D0063BE06 /* Resources */,
			);
			buildRules = (
			);
			dependencies = (
			);
			name = Colorful;
			productName = Colorful;
			productReference = 2BC7885328DF7E7D0063BE06 /* Colorful.app */;
			productType = "com.apple.product-type.application";
		};
/* End PBXNativeTarget section */

/* Begin PBXProject section */
		2BC7884B28DF7E7D0063BE06 /* Project object */ = {
			isa = PBXProject;
			attributes = {
				BuildIndependentTargetsInParallel = 1;
				LastSwiftUpdateCheck = 1400;
				LastUpgradeCheck = 1400;
				TargetAttributes = {
					2BC7885228DF7E7D0063BE06 = {
						CreatedOnToolsVersion = 14.0;
					};
				};
			};
			buildConfigurationList = 2BC7884E28DF7E7D0063BE06 /* Build configuration list for PBXProject "Colorful" */;
			compatibilityVersion = "Xcode 14.0";
			developmentRegion = en;
			hasScannedForEncodings = 0;
			knownRegions = (
				en,
				Base,
			);
			mainGroup = 2BC7884A28DF7E7D0063BE06;
			productRefGroup = 2BC7885428DF7E7D0063BE06 /* Products */;
			projectDirPath = "";
			projectRoot = "";
			targets = (
				2BC7885228DF7E7D0063BE06 /* Colorful */,
			);
		};
/* End PBXProject section */

/* Begin PBXResourcesBuildPhase section */
		2BC7885128DF7E7D0063BE06 /* Resources */ = {
			isa = PBXResourcesBuildPhase;
			buildActionMask = 2147483647;
			files = (
				2BC788B628E0544B0063BE06 /* app-icon--default.dev-ipadpro@2x.png in Resources */,
				2BC7885F28DF7E7E0063BE06 /* Preview Assets.xcassets in Resources */,
				2BC788A528E0544B0063BE06 /* app-icon--white-black@3x.png in Resources */,
				2BC7889928E0544B0063BE06 /* app-icon--default.beta-ipad@2x.png in Resources */,
				2BC788B728E0544B0063BE06 /* app-icon--black-multi-ipadpro@2x.png in Resources */,
				2BC7885B28DF7E7E0063BE06 /* Assets.xcassets in Resources */,
				2BC788B128E0544B0063BE06 /* app-icon--white-multi-ipad@2x.png in Resources */,
				2BC788A428E0544B0063BE06 /* app-icon--black-white-ipad@2x.png in Resources */,
				2BC788B228E0544B0063BE06 /* app-icon--default.beta-ipadpro@2x.png in Resources */,
				2BC788B428E0544B0063BE06 /* app-icon--black-white-ipadpro@2x.png in Resources */,
				2BC788AC28E0544B0063BE06 /* app-icon--green-black-ipad@2x.png in Resources */,
				2BC788AF28E0544B0063BE06 /* app-icon--default.dev@3x.png in Resources */,
				2BC788A228E0544B0063BE06 /* app-icon--white-multi-ipadpro@2x.png in Resources */,
				2BC788A928E0544B0063BE06 /* app-icon--default.beta@2x.png in Resources */,
				2BC788A128E0544B0063BE06 /* app-icon--white-black-ipadpro@2x.png in Resources */,
				2BC788B528E0544B0063BE06 /* app-icon--green-black-ipadpro@2x.png in Resources */,
				2BC7889A28E0544B0063BE06 /* app-icon--default.beta@3x.png in Resources */,
				2BC7889F28E0544B0063BE06 /* app-icon--black-white@3x.png in Resources */,
				2BC788A028E0544B0063BE06 /* app-icon--default-ipad@2x.png in Resources */,
				2BC7889C28E0544B0063BE06 /* app-icon--default-ipadpro@2x.png in Resources */,
				2BC788AD28E0544B0063BE06 /* app-icon--white-black@2x.png in Resources */,
				2BC788AA28E0544B0063BE06 /* app-icon--default.dev-ipad@2x.png in Resources */,
				2BC788AE28E0544B0063BE06 /* app-icon--white-black-ipad@2x.png in Resources */,
				2BC788A328E0544B0063BE06 /* app-icon--multi-black-ipad@2x.png in Resources */,
				2BC788AB28E0544B0063BE06 /* app-icon--black-multi@3x.png in Resources */,
				2BC788B028E0544B0063BE06 /* app-icon--multi-black@2x.png in Resources */,
				2BC788B328E0544B0063BE06 /* app-icon--black-multi@2x.png in Resources */,
				2BC788A628E0544B0063BE06 /* app-icon--default@3x.png in Resources */,
				2BC7889E28E0544B0063BE06 /* app-icon--black-multi-ipad@2x.png in Resources */,
				2BC7889D28E0544B0063BE06 /* app-icon--black-white@2x.png in Resources */,
				2BC788A728E0544B0063BE06 /* app-icon--default@2x.png in Resources */,
				2BC7889B28E0544B0063BE06 /* app-icon--multi-black@3x.png in Resources */,
				2BC788B828E0544B0063BE06 /* app-icon--default.dev@2x.png in Resources */,
				2BC788A828E0544B0063BE06 /* app-icon--multi-black-ipadpro@2x.png in Resources */,
			);
			runOnlyForDeploymentPostprocessing = 0;
		};
/* End PBXResourcesBuildPhase section */

/* Begin PBXSourcesBuildPhase section */
		2BC7884F28DF7E7D0063BE06 /* Sources */ = {
			isa = PBXSourcesBuildPhase;
			buildActionMask = 2147483647;
			files = (
				2BC7887028DF80DF0063BE06 /* Icon.swift in Sources */,
				2BC788BC28E080D80063BE06 /* IconView.swift in Sources */,
				2BC788BE28E081F50063BE06 /* View+Extension.swift in Sources */,
				2BC7885928DF7E7D0063BE06 /* ContentView.swift in Sources */,
				2BC7886E28DF80B90063BE06 /* IconManager.swift in Sources */,
				2BC7885728DF7E7D0063BE06 /* ColorfulApp.swift in Sources */,
				2BC7886828DF7FB90063BE06 /* SettingsView.swift in Sources */,
				2BC7886A28DF80380063BE06 /* IconChooserView.swift in Sources */,
			);
			runOnlyForDeploymentPostprocessing = 0;
		};
/* End PBXSourcesBuildPhase section */

/* Begin XCBuildConfiguration section */
		2BC7886028DF7E7E0063BE06 /* Debug */ = {
			isa = XCBuildConfiguration;
			buildSettings = {
				ALWAYS_SEARCH_USER_PATHS = NO;
				CLANG_ANALYZER_NONNULL = YES;
				CLANG_ANALYZER_NUMBER_OBJECT_CONVERSION = YES_AGGRESSIVE;
				CLANG_CXX_LANGUAGE_STANDARD = "gnu++20";
				CLANG_ENABLE_MODULES = YES;
				CLANG_ENABLE_OBJC_ARC = YES;
				CLANG_ENABLE_OBJC_WEAK = YES;
				CLANG_WARN_BLOCK_CAPTURE_AUTORELEASING = YES;
				CLANG_WARN_BOOL_CONVERSION = YES;
				CLANG_WARN_COMMA = YES;
				CLANG_WARN_CONSTANT_CONVERSION = YES;
				CLANG_WARN_DEPRECATED_OBJC_IMPLEMENTATIONS = YES;
				CLANG_WARN_DIRECT_OBJC_ISA_USAGE = YES_ERROR;
				CLANG_WARN_DOCUMENTATION_COMMENTS = YES;
				CLANG_WARN_EMPTY_BODY = YES;
				CLANG_WARN_ENUM_CONVERSION = YES;
				CLANG_WARN_INFINITE_RECURSION = YES;
				CLANG_WARN_INT_CONVERSION = YES;
				CLANG_WARN_NON_LITERAL_NULL_CONVERSION = YES;
				CLANG_WARN_OBJC_IMPLICIT_RETAIN_SELF = YES;
				CLANG_WARN_OBJC_LITERAL_CONVERSION = YES;
				CLANG_WARN_OBJC_ROOT_CLASS = YES_ERROR;
				CLANG_WARN_QUOTED_INCLUDE_IN_FRAMEWORK_HEADER = YES;
				CLANG_WARN_RANGE_LOOP_ANALYSIS = YES;
				CLANG_WARN_STRICT_PROTOTYPES = YES;
				CLANG_WARN_SUSPICIOUS_MOVE = YES;
				CLANG_WARN_UNGUARDED_AVAILABILITY = YES_AGGRESSIVE;
				CLANG_WARN_UNREACHABLE_CODE = YES;
				CLANG_WARN__DUPLICATE_METHOD_MATCH = YES;
				COPY_PHASE_STRIP = NO;
				DEBUG_INFORMATION_FORMAT = dwarf;
				ENABLE_STRICT_OBJC_MSGSEND = YES;
				ENABLE_TESTABILITY = YES;
				GCC_C_LANGUAGE_STANDARD = gnu11;
				GCC_DYNAMIC_NO_PIC = NO;
				GCC_NO_COMMON_BLOCKS = YES;
				GCC_OPTIMIZATION_LEVEL = 0;
				GCC_PREPROCESSOR_DEFINITIONS = (
					"DEBUG=1",
					"$(inherited)",
				);
				GCC_WARN_64_TO_32_BIT_CONVERSION = YES;
				GCC_WARN_ABOUT_RETURN_TYPE = YES_ERROR;
				GCC_WARN_UNDECLARED_SELECTOR = YES;
				GCC_WARN_UNINITIALIZED_AUTOS = YES_AGGRESSIVE;
				GCC_WARN_UNUSED_FUNCTION = YES;
				GCC_WARN_UNUSED_VARIABLE = YES;
				MTL_ENABLE_DEBUG_INFO = INCLUDE_SOURCE;
				MTL_FAST_MATH = YES;
				ONLY_ACTIVE_ARCH = YES;
				SWIFT_ACTIVE_COMPILATION_CONDITIONS = DEBUG;
				SWIFT_OPTIMIZATION_LEVEL = "-Onone";
			};
			name = Debug;
		};
		2BC7886128DF7E7E0063BE06 /* Release */ = {
			isa = XCBuildConfiguration;
			buildSettings = {
				ALWAYS_SEARCH_USER_PATHS = NO;
				CLANG_ANALYZER_NONNULL = YES;
				CLANG_ANALYZER_NUMBER_OBJECT_CONVERSION = YES_AGGRESSIVE;
				CLANG_CXX_LANGUAGE_STANDARD = "gnu++20";
				CLANG_ENABLE_MODULES = YES;
				CLANG_ENABLE_OBJC_ARC = YES;
				CLANG_ENABLE_OBJC_WEAK = YES;
				CLANG_WARN_BLOCK_CAPTURE_AUTORELEASING = YES;
				CLANG_WARN_BOOL_CONVERSION = YES;
				CLANG_WARN_COMMA = YES;
				CLANG_WARN_CONSTANT_CONVERSION = YES;
				CLANG_WARN_DEPRECATED_OBJC_IMPLEMENTATIONS = YES;
				CLANG_WARN_DIRECT_OBJC_ISA_USAGE = YES_ERROR;
				CLANG_WARN_DOCUMENTATION_COMMENTS = YES;
				CLANG_WARN_EMPTY_BODY = YES;
				CLANG_WARN_ENUM_CONVERSION = YES;
				CLANG_WARN_INFINITE_RECURSION = YES;
				CLANG_WARN_INT_CONVERSION = YES;
				CLANG_WARN_NON_LITERAL_NULL_CONVERSION = YES;
				CLANG_WARN_OBJC_IMPLICIT_RETAIN_SELF = YES;
				CLANG_WARN_OBJC_LITERAL_CONVERSION = YES;
				CLANG_WARN_OBJC_ROOT_CLASS = YES_ERROR;
				CLANG_WARN_QUOTED_INCLUDE_IN_FRAMEWORK_HEADER = YES;
				CLANG_WARN_RANGE_LOOP_ANALYSIS = YES;
				CLANG_WARN_STRICT_PROTOTYPES = YES;
				CLANG_WARN_SUSPICIOUS_MOVE = YES;
				CLANG_WARN_UNGUARDED_AVAILABILITY = YES_AGGRESSIVE;
				CLANG_WARN_UNREACHABLE_CODE = YES;
				CLANG_WARN__DUPLICATE_METHOD_MATCH = YES;
				COPY_PHASE_STRIP = NO;
				DEBUG_INFORMATION_FORMAT = "dwarf-with-dsym";
				ENABLE_NS_ASSERTIONS = NO;
				ENABLE_STRICT_OBJC_MSGSEND = YES;
				GCC_C_LANGUAGE_STANDARD = gnu11;
				GCC_NO_COMMON_BLOCKS = YES;
				GCC_WARN_64_TO_32_BIT_CONVERSION = YES;
				GCC_WARN_ABOUT_RETURN_TYPE = YES_ERROR;
				GCC_WARN_UNDECLARED_SELECTOR = YES;
				GCC_WARN_UNINITIALIZED_AUTOS = YES_AGGRESSIVE;
				GCC_WARN_UNUSED_FUNCTION = YES;
				GCC_WARN_UNUSED_VARIABLE = YES;
				MTL_ENABLE_DEBUG_INFO = NO;
				MTL_FAST_MATH = YES;
				SWIFT_COMPILATION_MODE = wholemodule;
				SWIFT_OPTIMIZATION_LEVEL = "-O";
			};
			name = Release;
		};
		2BC7886328DF7E7E0063BE06 /* Debug */ = {
			isa = XCBuildConfiguration;
			buildSettings = {
				ASSETCATALOG_COMPILER_GLOBAL_ACCENT_COLOR_NAME = AccentColor;
				CODE_SIGN_ENTITLEMENTS = Colorful/Colorful.entitlements;
				CODE_SIGN_STYLE = Automatic;
				CURRENT_PROJECT_VERSION = 1;
				DEVELOPMENT_ASSET_PATHS = "\"Colorful/Preview Content\"";
				DEVELOPMENT_TEAM = Q2T8TN4ZW6;
				ENABLE_HARDENED_RUNTIME = YES;
				ENABLE_PREVIEWS = YES;
				GENERATE_INFOPLIST_FILE = YES;
				INFOPLIST_FILE = Colorful/Info.plist;
				"INFOPLIST_KEY_UIApplicationSceneManifest_Generation[sdk=iphoneos*]" = YES;
				"INFOPLIST_KEY_UIApplicationSceneManifest_Generation[sdk=iphonesimulator*]" = YES;
				"INFOPLIST_KEY_UIApplicationSupportsIndirectInputEvents[sdk=iphoneos*]" = YES;
				"INFOPLIST_KEY_UIApplicationSupportsIndirectInputEvents[sdk=iphonesimulator*]" = YES;
				"INFOPLIST_KEY_UILaunchScreen_Generation[sdk=iphoneos*]" = YES;
				"INFOPLIST_KEY_UILaunchScreen_Generation[sdk=iphonesimulator*]" = YES;
				"INFOPLIST_KEY_UIStatusBarStyle[sdk=iphoneos*]" = UIStatusBarStyleDefault;
				"INFOPLIST_KEY_UIStatusBarStyle[sdk=iphonesimulator*]" = UIStatusBarStyleDefault;
				INFOPLIST_KEY_UISupportedInterfaceOrientations_iPad = "UIInterfaceOrientationPortrait UIInterfaceOrientationPortraitUpsideDown UIInterfaceOrientationLandscapeLeft UIInterfaceOrientationLandscapeRight";
				INFOPLIST_KEY_UISupportedInterfaceOrientations_iPhone = "UIInterfaceOrientationPortrait UIInterfaceOrientationLandscapeLeft UIInterfaceOrientationLandscapeRight";
				IPHONEOS_DEPLOYMENT_TARGET = 16.0;
				LD_RUNPATH_SEARCH_PATHS = "@executable_path/Frameworks";
				"LD_RUNPATH_SEARCH_PATHS[sdk=macosx*]" = "@executable_path/../Frameworks";
				MACOSX_DEPLOYMENT_TARGET = 12.3;
				MARKETING_VERSION = 1.0;
				PRODUCT_BUNDLE_IDENTIFIER = layer.practice.Colorful;
				PRODUCT_NAME = "$(TARGET_NAME)";
				SDKROOT = auto;
				SUPPORTED_PLATFORMS = "iphoneos iphonesimulator macosx";
				SWIFT_EMIT_LOC_STRINGS = YES;
				SWIFT_VERSION = 5.0;
				TARGETED_DEVICE_FAMILY = "1,2";
			};
			name = Debug;
		};
		2BC7886428DF7E7E0063BE06 /* Release */ = {
			isa = XCBuildConfiguration;
			buildSettings = {
				ASSETCATALOG_COMPILER_GLOBAL_ACCENT_COLOR_NAME = AccentColor;
				CODE_SIGN_ENTITLEMENTS = Colorful/Colorful.entitlements;
				CODE_SIGN_STYLE = Automatic;
				CURRENT_PROJECT_VERSION = 1;
				DEVELOPMENT_ASSET_PATHS = "\"Colorful/Preview Content\"";
				DEVELOPMENT_TEAM = Q2T8TN4ZW6;
				ENABLE_HARDENED_RUNTIME = YES;
				ENABLE_PREVIEWS = YES;
				GENERATE_INFOPLIST_FILE = YES;
				INFOPLIST_FILE = Colorful/Info.plist;
				"INFOPLIST_KEY_UIApplicationSceneManifest_Generation[sdk=iphoneos*]" = YES;
				"INFOPLIST_KEY_UIApplicationSceneManifest_Generation[sdk=iphonesimulator*]" = YES;
				"INFOPLIST_KEY_UIApplicationSupportsIndirectInputEvents[sdk=iphoneos*]" = YES;
				"INFOPLIST_KEY_UIApplicationSupportsIndirectInputEvents[sdk=iphonesimulator*]" = YES;
				"INFOPLIST_KEY_UILaunchScreen_Generation[sdk=iphoneos*]" = YES;
				"INFOPLIST_KEY_UILaunchScreen_Generation[sdk=iphonesimulator*]" = YES;
				"INFOPLIST_KEY_UIStatusBarStyle[sdk=iphoneos*]" = UIStatusBarStyleDefault;
				"INFOPLIST_KEY_UIStatusBarStyle[sdk=iphonesimulator*]" = UIStatusBarStyleDefault;
				INFOPLIST_KEY_UISupportedInterfaceOrientations_iPad = "UIInterfaceOrientationPortrait UIInterfaceOrientationPortraitUpsideDown UIInterfaceOrientationLandscapeLeft UIInterfaceOrientationLandscapeRight";
				INFOPLIST_KEY_UISupportedInterfaceOrientations_iPhone = "UIInterfaceOrientationPortrait UIInterfaceOrientationLandscapeLeft UIInterfaceOrientationLandscapeRight";
				IPHONEOS_DEPLOYMENT_TARGET = 16.0;
				LD_RUNPATH_SEARCH_PATHS = "@executable_path/Frameworks";
				"LD_RUNPATH_SEARCH_PATHS[sdk=macosx*]" = "@executable_path/../Frameworks";
				MACOSX_DEPLOYMENT_TARGET = 12.3;
				MARKETING_VERSION = 1.0;
				PRODUCT_BUNDLE_IDENTIFIER = layer.practice.Colorful;
				PRODUCT_NAME = "$(TARGET_NAME)";
				SDKROOT = auto;
				SUPPORTED_PLATFORMS = "iphoneos iphonesimulator macosx";
				SWIFT_EMIT_LOC_STRINGS = YES;
				SWIFT_VERSION = 5.0;
				TARGETED_DEVICE_FAMILY = "1,2";
			};
			name = Release;
		};
/* End XCBuildConfiguration section */

/* Begin XCConfigurationList section */
		2BC7884E28DF7E7D0063BE06 /* Build configuration list for PBXProject "Colorful" */ = {
			isa = XCConfigurationList;
			buildConfigurations = (
				2BC7886028DF7E7E0063BE06 /* Debug */,
				2BC7886128DF7E7E0063BE06 /* Release */,
			);
			defaultConfigurationIsVisible = 0;
			defaultConfigurationName = Release;
		};
		2BC7886228DF7E7E0063BE06 /* Build configuration list for PBXNativeTarget "Colorful" */ = {
			isa = XCConfigurationList;
			buildConfigurations = (
				2BC7886328DF7E7E0063BE06 /* Debug */,
				2BC7886428DF7E7E0063BE06 /* Release */,
			);
			defaultConfigurationIsVisible = 0;
			defaultConfigurationName = Release;
		};
/* End XCConfigurationList section */
	};
	rootObject = 2BC7884B28DF7E7D0063BE06 /* Project object */;
}
